
Microsoft Visual Studio Solution File, Format Version 12.00
# Visual Studio Version 17
VisualStudioVersion = 17.0.31903.59
MinimumVisualStudioVersion = 10.0.40219.1
Project("{2150E333-8FDC-42A3-9474-1A3956D46DE8}") = "src", "src", "{3B7BB501-812C-47D7-B6D2-C8F4FB2BF543}"
EndProject
Project("{2150E333-8FDC-42A3-9474-1A3956D46DE8}") = "Core", "Core", "{9ADE09BC-1F15-4A21-8E0B-10EEFC8B484B}"
EndProject
Project("{2150E333-8FDC-42A3-9474-1A3956D46DE8}") = "SocialApp", "SocialApp", "{DED1AF23-285E-4900-83B1-37FDD70C1B69}"
EndProject
Project("{9A19103F-16F7-4668-BE54-9A1E7A4F7556}") = "Core.Application", "src\Core\Core.Application\Core.Application.csproj", "{F4483063-8AE5-48DE-A3C7-0909BFAE3BEE}"
EndProject
Project("{9A19103F-16F7-4668-BE54-9A1E7A4F7556}") = "Core.Persistence", "src\Core\Core.Persistence\Core.Persistence.csproj", "{D5F67E1E-E6B7-4989-B0BD-11E18156FF91}"
EndProject
Project("{9A19103F-16F7-4668-BE54-9A1E7A4F7556}") = "Core.Security", "src\Core\Core.Security\Core.Security.csproj", "{F7CA005D-DCA5-41E4-B109-36EBDC67ABE3}"
EndProject
Project("{9A19103F-16F7-4668-BE54-9A1E7A4F7556}") = "Domain", "src\SocialApp\Domain\Domain.csproj", "{4BC44B2F-DC93-4155-8C24-57A8F3E5AE3F}"
EndProject
Project("{9A19103F-16F7-4668-BE54-9A1E7A4F7556}") = "Persistence", "src\SocialApp\Persistence\Persistence.csproj", "{6EAE2798-D7B5-4AF3-B8E4-497F2A5767F4}"
EndProject
Project("{9A19103F-16F7-4668-BE54-9A1E7A4F7556}") = "Application", "src\SocialApp\Application\Application.csproj", "{82C81433-4229-4D3B-A0AD-C53D627E70A6}"
EndProject
Project("{9A19103F-16F7-4668-BE54-9A1E7A4F7556}") = "Core.FileStorage", "src\Core\Core.FileStorage\Core.FileStorage.csproj", "{C844569A-4F5B-400A-BB2A-AFFEFDBA561D}"
EndProject
Project("{9A19103F-16F7-4668-BE54-9A1E7A4F7556}") = "WebAPI", "src\SocialApp\WebAPI\WebAPI.csproj", "{446D0722-6A69-4C28-8A56-7DB28B99D2B4}"
EndProject
Project("{9A19103F-16F7-4668-BE54-9A1E7A4F7556}") = "Core.Mailing", "src\Core\Core.Mailing\Core.Mailing.csproj", "{3511AB8B-3977-42B0-A4F6-015122737B96}"
EndProject
Project("{9A19103F-16F7-4668-BE54-9A1E7A4F7556}") = "Core.CrossCuttingConcerns", "src\Core\Core.CrossCuttingConcerns\Core.CrossCuttingConcerns.csproj", "{AF421323-5F26-41A1-8155-C877AAFB5C80}"
EndProject
Project("{E53339B2-1760-4266-BCC7-CA923CBCF16C}") = "docker-compose", "docker-compose.dcproj", "{2AECA221-8976-4C92-861B-C3597681ADB4}"
EndProject
Global
	GlobalSection(SolutionConfigurationPlatforms) = preSolution
		Debug|Any CPU = Debug|Any CPU
		Release|Any CPU = Release|Any CPU
	EndGlobalSection
	GlobalSection(ProjectConfigurationPlatforms) = postSolution
		{F4483063-8AE5-48DE-A3C7-0909BFAE3BEE}.Debug|Any CPU.ActiveCfg = Debug|Any CPU
		{F4483063-8AE5-48DE-A3C7-0909BFAE3BEE}.Debug|Any CPU.Build.0 = Debug|Any CPU
		{F4483063-8AE5-48DE-A3C7-0909BFAE3BEE}.Release|Any CPU.ActiveCfg = Release|Any CPU
		{F4483063-8AE5-48DE-A3C7-0909BFAE3BEE}.Release|Any CPU.Build.0 = Release|Any CPU
		{D5F67E1E-E6B7-4989-B0BD-11E18156FF91}.Debug|Any CPU.ActiveCfg = Debug|Any CPU
		{D5F67E1E-E6B7-4989-B0BD-11E18156FF91}.Debug|Any CPU.Build.0 = Debug|Any CPU
		{D5F67E1E-E6B7-4989-B0BD-11E18156FF91}.Release|Any CPU.ActiveCfg = Release|Any CPU
		{D5F67E1E-E6B7-4989-B0BD-11E18156FF91}.Release|Any CPU.Build.0 = Release|Any CPU
		{F7CA005D-DCA5-41E4-B109-36EBDC67ABE3}.Debug|Any CPU.ActiveCfg = Debug|Any CPU
		{F7CA005D-DCA5-41E4-B109-36EBDC67ABE3}.Debug|Any CPU.Build.0 = Debug|Any CPU
		{F7CA005D-DCA5-41E4-B109-36EBDC67ABE3}.Release|Any CPU.ActiveCfg = Release|Any CPU
		{F7CA005D-DCA5-41E4-B109-36EBDC67ABE3}.Release|Any CPU.Build.0 = Release|Any CPU
		{4BC44B2F-DC93-4155-8C24-57A8F3E5AE3F}.Debug|Any CPU.ActiveCfg = Debug|Any CPU
		{4BC44B2F-DC93-4155-8C24-57A8F3E5AE3F}.Debug|Any CPU.Build.0 = Debug|Any CPU
		{4BC44B2F-DC93-4155-8C24-57A8F3E5AE3F}.Release|Any CPU.ActiveCfg = Release|Any CPU
		{4BC44B2F-DC93-4155-8C24-57A8F3E5AE3F}.Release|Any CPU.Build.0 = Release|Any CPU
		{6EAE2798-D7B5-4AF3-B8E4-497F2A5767F4}.Debug|Any CPU.ActiveCfg = Debug|Any CPU
		{6EAE2798-D7B5-4AF3-B8E4-497F2A5767F4}.Debug|Any CPU.Build.0 = Debug|Any CPU
		{6EAE2798-D7B5-4AF3-B8E4-497F2A5767F4}.Release|Any CPU.ActiveCfg = Release|Any CPU
		{6EAE2798-D7B5-4AF3-B8E4-497F2A5767F4}.Release|Any CPU.Build.0 = Release|Any CPU
		{82C81433-4229-4D3B-A0AD-C53D627E70A6}.Debug|Any CPU.ActiveCfg = Debug|Any CPU
		{82C81433-4229-4D3B-A0AD-C53D627E70A6}.Debug|Any CPU.Build.0 = Debug|Any CPU
		{82C81433-4229-4D3B-A0AD-C53D627E70A6}.Release|Any CPU.ActiveCfg = Release|Any CPU
		{82C81433-4229-4D3B-A0AD-C53D627E70A6}.Release|Any CPU.Build.0 = Release|Any CPU
		{C844569A-4F5B-400A-BB2A-AFFEFDBA561D}.Debug|Any CPU.ActiveCfg = Debug|Any CPU
		{C844569A-4F5B-400A-BB2A-AFFEFDBA561D}.Debug|Any CPU.Build.0 = Debug|Any CPU
		{C844569A-4F5B-400A-BB2A-AFFEFDBA561D}.Release|Any CPU.ActiveCfg = Release|Any CPU
		{C844569A-4F5B-400A-BB2A-AFFEFDBA561D}.Release|Any CPU.Build.0 = Release|Any CPU
		{446D0722-6A69-4C28-8A56-7DB28B99D2B4}.Debug|Any CPU.ActiveCfg = Debug|Any CPU
		{446D0722-6A69-4C28-8A56-7DB28B99D2B4}.Debug|Any CPU.Build.0 = Debug|Any CPU
		{446D0722-6A69-4C28-8A56-7DB28B99D2B4}.Release|Any CPU.ActiveCfg = Release|Any CPU
		{446D0722-6A69-4C28-8A56-7DB28B99D2B4}.Release|Any CPU.Build.0 = Release|Any CPU
		{3511AB8B-3977-42B0-A4F6-015122737B96}.Debug|Any CPU.ActiveCfg = Debug|Any CPU
		{3511AB8B-3977-42B0-A4F6-015122737B96}.Debug|Any CPU.Build.0 = Debug|Any CPU
		{3511AB8B-3977-42B0-A4F6-015122737B96}.Release|Any CPU.ActiveCfg = Release|Any CPU
		{3511AB8B-3977-42B0-A4F6-015122737B96}.Release|Any CPU.Build.0 = Release|Any CPU
		{AF421323-5F26-41A1-8155-C877AAFB5C80}.Debug|Any CPU.ActiveCfg = Debug|Any CPU
		{AF421323-5F26-41A1-8155-C877AAFB5C80}.Debug|Any CPU.Build.0 = Debug|Any CPU
		{AF421323-5F26-41A1-8155-C877AAFB5C80}.Release|Any CPU.ActiveCfg = Release|Any CPU
		{AF421323-5F26-41A1-8155-C877AAFB5C80}.Release|Any CPU.Build.0 = Release|Any CPU
		{2AECA221-8976-4C92-861B-C3597681ADB4}.Debug|Any CPU.ActiveCfg = Debug|Any CPU
		{2AECA221-8976-4C92-861B-C3597681ADB4}.Debug|Any CPU.Build.0 = Debug|Any CPU
		{2AECA221-8976-4C92-861B-C3597681ADB4}.Release|Any CPU.ActiveCfg = Release|Any CPU
		{2AECA221-8976-4C92-861B-C3597681ADB4}.Release|Any CPU.Build.0 = Release|Any CPU
	EndGlobalSection
	GlobalSection(SolutionProperties) = preSolution
		HideSolutionNode = FALSE
	EndGlobalSection
	GlobalSection(NestedProjects) = preSolution
		{9ADE09BC-1F15-4A21-8E0B-10EEFC8B484B} = {3B7BB501-812C-47D7-B6D2-C8F4FB2BF543}
		{DED1AF23-285E-4900-83B1-37FDD70C1B69} = {3B7BB501-812C-47D7-B6D2-C8F4FB2BF543}
		{F4483063-8AE5-48DE-A3C7-0909BFAE3BEE} = {9ADE09BC-1F15-4A21-8E0B-10EEFC8B484B}
		{D5F67E1E-E6B7-4989-B0BD-11E18156FF91} = {9ADE09BC-1F15-4A21-8E0B-10EEFC8B484B}
		{F7CA005D-DCA5-41E4-B109-36EBDC67ABE3} = {9ADE09BC-1F15-4A21-8E0B-10EEFC8B484B}
		{4BC44B2F-DC93-4155-8C24-57A8F3E5AE3F} = {DED1AF23-285E-4900-83B1-37FDD70C1B69}
		{6EAE2798-D7B5-4AF3-B8E4-497F2A5767F4} = {DED1AF23-285E-4900-83B1-37FDD70C1B69}
		{82C81433-4229-4D3B-A0AD-C53D627E70A6} = {DED1AF23-285E-4900-83B1-37FDD70C1B69}
		{C844569A-4F5B-400A-BB2A-AFFEFDBA561D} = {9ADE09BC-1F15-4A21-8E0B-10EEFC8B484B}
		{446D0722-6A69-4C28-8A56-7DB28B99D2B4} = {DED1AF23-285E-4900-83B1-37FDD70C1B69}
		{3511AB8B-3977-42B0-A4F6-015122737B96} = {9ADE09BC-1F15-4A21-8E0B-10EEFC8B484B}
		{AF421323-5F26-41A1-8155-C877AAFB5C80} = {9ADE09BC-1F15-4A21-8E0B-10EEFC8B484B}
	EndGlobalSection
	GlobalSection(ExtensibilityGlobals) = postSolution
		SolutionGuid = {554B3730-5868-4ABB-84ED-BFC4706EB8DF}
	EndGlobalSection
EndGlobal
